{
    "_readme": [
        "This file locks the dependencies of your project to a known state",
        "Read more about it at https://getcomposer.org/doc/01-basic-usage.md#installing-dependencies",
        "This file is @generated automatically"
    ],
    "content-hash": "985a2f805660811ee5a86f3f33951210",
    "packages": [
        {
            "name": "garkavenkov/advanced-print",
            "version": "dev-master",
            "source": {
                "type": "git",
                "url": "https://github.com/garkavenkov/advanced-print.git",
                "reference": "b7512dab13fc87bb1d508045a8aefc3f7f182fff"
            },
            "dist": {
                "type": "zip",
                "url": "https://api.github.com/repos/garkavenkov/advanced-print/zipball/b7512dab13fc87bb1d508045a8aefc3f7f182fff",
                "reference": "b7512dab13fc87bb1d508045a8aefc3f7f182fff",
                "shasum": ""
            },
            "default-branch": true,
            "type": "library",
            "autoload": {
                "psr-4": {
                    "AdvancedPrint\\": "src/"
                }
            },
            "notification-url": "https://packagist.org/downloads/",
            "license": [
                "MIT"
            ],
            "authors": [
                {
                    "name": "Maksim Garkavenkov",
                    "email": "maksim.garkavenkov@gmail.com"
                }
            ],
            "description": "Colorizes output text in terminal.",
            "support": {
                "issues": "https://github.com/garkavenkov/advanced-print/issues",
                "source": "https://github.com/garkavenkov/advanced-print/tree/v0.2.1"
            },
            "time": "2022-02-22T07:29:52+00:00"
        },
        {
            "name": "garkavenkov/db-connector",
            "version": "dev-master",
            "source": {
                "type": "git",
                "url": "https://github.com/garkavenkov/db-connector.git",
                "reference": "4879b7bf22413ca122777496b0fd9bf288df3b5c"
            },
            "dist": {
                "type": "zip",
                "url": "https://api.github.com/repos/garkavenkov/db-connector/zipball/4879b7bf22413ca122777496b0fd9bf288df3b5c",
                "reference": "4879b7bf22413ca122777496b0fd9bf288df3b5c",
                "shasum": ""
            },
            "default-branch": true,
            "type": "library",
            "autoload": {
                "psr-4": {
                    "DBConnector\\": "src/"
                }
            },
            "notification-url": "https://packagist.org/downloads/",
            "license": [
                "MIT"
            ],
            "authors": [
                {
                    "name": "Maksim Garkavenkov",
                    "email": "maksim.garkavenkov@gmail.com"
                }
            ],
            "description": "Wrapper for PDO",
            "support": {
                "issues": "https://github.com/garkavenkov/db-connector/issues",
                "source": "https://github.com/garkavenkov/db-connector/tree/v1.2.0"
            },
            "time": "2023-09-23T10:11:55+00:00"
        },
        {
            "name": "garkavenkov/dotenv",
            "version": "dev-main",
            "source": {
                "type": "git",
                "url": "https://github.com/garkavenkov/dotenv.git",
                "reference": "37cbc86d79a34f072db5f52e375a8a86f7da01c4"
            },
            "dist": {
                "type": "zip",
                "url": "https://api.github.com/repos/garkavenkov/dotenv/zipball/37cbc86d79a34f072db5f52e375a8a86f7da01c4",
                "reference": "37cbc86d79a34f072db5f52e375a8a86f7da01c4",
                "shasum": ""
            },
            "default-branch": true,
            "type": "library",
            "autoload": {
                "psr-4": {
                    "Dotenv\\": "src/"
                }
            },
            "notification-url": "https://packagist.org/downloads/",
            "license": [
                "MIT"
            ],
            "authors": [
                {
                    "name": "Maksim Garkavenkov",
                    "email": "maksim.garkavenkov@gmail.com"
                }
            ],
            "description": "Register environments variable from .env",
            "support": {
                "issues": "https://github.com/garkavenkov/dotenv/issues",
                "source": "https://github.com/garkavenkov/dotenv/tree/v1.0.0"
            },
            "time": "2023-09-25T10:11:46+00:00"
        },
        {
            "name": "garkavenkov/http",
            "version": "dev-main",
            "source": {
                "type": "git",
                "url": "https://github.com/garkavenkov/http.git",
                "reference": "a43ab748ee7f8aac762d13d427576eac9bbffe11"
            },
            "dist": {
                "type": "zip",
                "url": "https://api.github.com/repos/garkavenkov/http/zipball/a43ab748ee7f8aac762d13d427576eac9bbffe11",
                "reference": "a43ab748ee7f8aac762d13d427576eac9bbffe11",
                "shasum": ""
            },
            "require": {
                "garkavenkov/registry": "dev-main"
            },
            "default-branch": true,
            "type": "library",
            "autoload": {
                "psr-4": {
                    "Http\\": "src/"
                }
            },
            "notification-url": "https://packagist.org/downloads/",
            "license": [
                "MIT"
            ],
            "authors": [
                {
                    "name": "Maksim Garkavenkov",
                    "email": "maksim.garkavenkov@gmail.com"
                }
            ],
            "description": "The PHP library that provides utilities for dealing with http requests and responses.",
            "support": {
                "issues": "https://github.com/garkavenkov/http/issues",
                "source": "https://github.com/garkavenkov/http/tree/v0.3.0"
            },
            "time": "2023-10-01T12:08:26+00:00"
        },
        {
            "name": "garkavenkov/mvc-framework",
            "version": "dev-main",
            "source": {
                "type": "git",
                "url": "https://github.com/garkavenkov/mvc-framework.git",
                "reference": "f3e4c7ce7d3bc21a4449be984eba269620b4f747"
            },
            "dist": {
                "type": "zip",
                "url": "https://api.github.com/repos/garkavenkov/mvc-framework/zipball/f3e4c7ce7d3bc21a4449be984eba269620b4f747",
                "reference": "f3e4c7ce7d3bc21a4449be984eba269620b4f747",
                "shasum": ""
            },
            "require": {
                "garkavenkov/db-connector": "dev-master",
                "garkavenkov/registry": "dev-main"
            },
            "default-branch": true,
            "type": "library",
            "autoload": {
                "psr-4": {
                    "MVC\\Framework\\": "src/"
                }
            },
            "notification-url": "https://packagist.org/downloads/",
            "license": [
                "MIT"
            ],
            "authors": [
                {
                    "name": "Maksim Garkavenkov",
                    "email": "maksim.garkavenkov@gmail.com"
                }
            ],
            "description": "MVC Framework",
            "support": {
                "issues": "https://github.com/garkavenkov/mvc-framework/issues",
                "source": "https://github.com/garkavenkov/mvc-framework/tree/v0.10.0"
            },
            "time": "2023-10-01T17:17:43+00:00"
        },
        {
            "name": "garkavenkov/registry",
            "version": "dev-main",
            "source": {
                "type": "git",
                "url": "https://github.com/garkavenkov/registry.git",
                "reference": "4f559c866dea451f5933c03005b8fd945b51d346"
            },
            "dist": {
                "type": "zip",
                "url": "https://api.github.com/repos/garkavenkov/registry/zipball/4f559c866dea451f5933c03005b8fd945b51d346",
                "reference": "4f559c866dea451f5933c03005b8fd945b51d346",
                "shasum": ""
            },
            "default-branch": true,
            "type": "library",
            "autoload": {
                "psr-4": {
                    "Registry\\": "src/"
                }
            },
            "notification-url": "https://packagist.org/downloads/",
            "license": [
                "MIT"
            ],
            "authors": [
                {
                    "name": "Maksim Garkavenkov",
                    "email": "maksim.garkavenkov@gmail.com"
                }
            ],
            "description": "Key / instance storeroom",
            "support": {
                "issues": "https://github.com/garkavenkov/registry/issues",
                "source": "https://github.com/garkavenkov/registry/tree/v1.0.0"
            },
            "time": "2023-09-25T17:49:01+00:00"
        },
        {
            "name": "garkavenkov/session-manager",
            "version": "dev-main",
            "source": {
                "type": "git",
                "url": "https://github.com/garkavenkov/session-manager.git",
                "reference": "e317f59249d4e05547f4bf5435a8efc9fa66274c"
            },
            "dist": {
                "type": "zip",
                "url": "https://api.github.com/repos/garkavenkov/session-manager/zipball/e317f59249d4e05547f4bf5435a8efc9fa66274c",
                "reference": "e317f59249d4e05547f4bf5435a8efc9fa66274c",
                "shasum": ""
            },
            "default-branch": true,
            "type": "library",
            "autoload": {
                "psr-4": {
                    "Http\\Session\\": "src/"
                }
            },
            "notification-url": "https://packagist.org/downloads/",
            "license": [
                "MIT"
            ],
            "authors": [
                {
                    "name": "Maksim Garkavenkov",
                    "email": "maksim.garkavenkov@gmail.com"
                }
            ],
            "description": "Wrapper for $_SESSION",
            "support": {
                "issues": "https://github.com/garkavenkov/session-manager/issues",
                "source": "https://github.com/garkavenkov/session-manager/tree/v1.0.0"
            },
            "time": "2023-09-29T17:55:28+00:00"
        }
    ],
    "packages-dev": [],
    "aliases": [],
    "minimum-stability": "dev",
    "stability-flags": {
        "garkavenkov/advanced-print": 20,
        "garkavenkov/db-connector": 20,
        "garkavenkov/dotenv": 20,
        "garkavenkov/mvc-framework": 20,
        "garkavenkov/http": 20,
        "garkavenkov/session-manager": 20
    },
    "prefer-stable": false,
    "prefer-lowest": false,
    "platform": [],
    "platform-dev": [],
    "plugin-api-version": "2.2.0"
}
