{
    "_readme": [
        "This file locks the dependencies of your project to a known state",
        "Read more about it at https://getcomposer.org/doc/01-basic-usage.md#installing-dependencies",
        "This file is @generated automatically"
    ],
    "content-hash": "4ce5a08ae8404835273d1dae5a4a347b",
    "packages": [
        {
            "name": "garkavenkov/advanced-print",
            "version": "dev-master",
            "source": {
                "type": "git",
                "url": "https://github.com/garkavenkov/advanced-print.git",
                "reference": "b7512dab13fc87bb1d508045a8aefc3f7f182fff"
            },
            "dist": {
                "type": "zip",
                "url": "https://api.github.com/repos/garkavenkov/advanced-print/zipball/b7512dab13fc87bb1d508045a8aefc3f7f182fff",
                "reference": "b7512dab13fc87bb1d508045a8aefc3f7f182fff",
                "shasum": ""
            },
            "default-branch": true,
            "type": "library",
            "autoload": {
                "psr-4": {
                    "AdvancedPrint\\": "src/"
                }
            },
            "notification-url": "https://packagist.org/downloads/",
            "license": [
                "MIT"
            ],
            "authors": [
                {
                    "name": "Maksim Garkavenkov",
                    "email": "maksim.garkavenkov@gmail.com"
                }
            ],
            "description": "Colorizes output text in terminal.",
            "support": {
                "issues": "https://github.com/garkavenkov/advanced-print/issues",
                "source": "https://github.com/garkavenkov/advanced-print/tree/v0.2.1"
            },
            "time": "2022-02-22T07:29:52+00:00"
        },
        {
            "name": "garkavenkov/db-connector",
            "version": "dev-master",
            "source": {
                "type": "git",
                "url": "https://github.com/garkavenkov/db-connector.git",
                "reference": "4879b7bf22413ca122777496b0fd9bf288df3b5c"
            },
            "dist": {
                "type": "zip",
                "url": "https://api.github.com/repos/garkavenkov/db-connector/zipball/4879b7bf22413ca122777496b0fd9bf288df3b5c",
                "reference": "4879b7bf22413ca122777496b0fd9bf288df3b5c",
                "shasum": ""
            },
            "default-branch": true,
            "type": "library",
            "autoload": {
                "psr-4": {
                    "DBConnector\\": "src/"
                }
            },
            "notification-url": "https://packagist.org/downloads/",
            "license": [
                "MIT"
            ],
            "authors": [
                {
                    "name": "Maksim Garkavenkov",
                    "email": "maksim.garkavenkov@gmail.com"
                }
            ],
            "description": "Wrapper for PDO",
            "support": {
                "issues": "https://github.com/garkavenkov/db-connector/issues",
                "source": "https://github.com/garkavenkov/db-connector/tree/v1.2.0"
            },
            "time": "2023-09-23T10:11:55+00:00"
        },
        {
            "name": "garkavenkov/mvc-framework",
            "version": "dev-main",
            "source": {
                "type": "git",
                "url": "https://github.com/garkavenkov/mvc-framework.git",
                "reference": "f72fc897b7d1b4ab1c7f3e9efacfeda708e1a356"
            },
            "dist": {
                "type": "zip",
                "url": "https://api.github.com/repos/garkavenkov/mvc-framework/zipball/f72fc897b7d1b4ab1c7f3e9efacfeda708e1a356",
                "reference": "f72fc897b7d1b4ab1c7f3e9efacfeda708e1a356",
                "shasum": ""
            },
            "require": {
                "garkavenkov/db-connector": "dev-master"
            },
            "default-branch": true,
            "type": "library",
            "autoload": {
                "psr-4": {
                    "MVC\\Framework\\": "src/"
                }
            },
            "notification-url": "https://packagist.org/downloads/",
            "license": [
                "MIT"
            ],
            "authors": [
                {
                    "name": "Maksim Garkavenkov",
                    "email": "maksim.garkavenkov@gmail.com"
                }
            ],
            "description": "MVC Framework",
            "support": {
                "issues": "https://github.com/garkavenkov/mvc-framework/issues",
                "source": "https://github.com/garkavenkov/mvc-framework/tree/v0.6.0"
            },
            "time": "2023-09-20T18:01:07+00:00"
        }
    ],
    "packages-dev": [],
    "aliases": [],
    "minimum-stability": "dev",
    "stability-flags": {
        "garkavenkov/mvc-framework": 20,
        "garkavenkov/advanced-print": 20,
        "garkavenkov/db-connector": 20
    },
    "prefer-stable": false,
    "prefer-lowest": false,
    "platform": [],
    "platform-dev": [],
    "plugin-api-version": "2.2.0"
}
