{
    "_readme": [
        "This file locks the dependencies of your project to a known state",
        "Read more about it at https://getcomposer.org/doc/01-basic-usage.md#composer-lock-the-lock-file",
        "This file is @generated automatically"
    ],
    "content-hash": "632282b23b11c7d2c9d0fc3bff8f2409",
    "packages": [
        {
            "name": "garkavenkov/db-connector",
            "version": "v1.0.2",
            "source": {
                "type": "git",
                "url": "https://github.com/garkavenkov/db-connector.git",
                "reference": "afe80d80b3377ef1fbeecd370bbf46568ae699ba"
            },
            "dist": {
                "type": "zip",
                "url": "https://api.github.com/repos/garkavenkov/db-connector/zipball/afe80d80b3377ef1fbeecd370bbf46568ae699ba",
                "reference": "afe80d80b3377ef1fbeecd370bbf46568ae699ba",
                "shasum": ""
            },
            "type": "library",
            "autoload": {
                "psr-4": {
                    "DBConnector\\": "src/"
                }
            },
            "notification-url": "https://packagist.org/downloads/",
            "license": [
                "MIT"
            ],
            "authors": [
                {
                    "name": "Maksim Garkavenkov",
                    "email": "maksim.garkavenkov@gmail.com"
                }
            ],
            "description": "Wrapper for PDO",
            "time": "2017-09-09T19:13:16+00:00"
        }
    ],
    "packages-dev": [],
    "aliases": [],
    "minimum-stability": "stable",
    "stability-flags": [],
    "prefer-stable": false,
    "prefer-lowest": false,
    "platform": [],
    "platform-dev": []
}
